{
  "nodes": {
    "devenv": {
      "locked": {
        "dir": "src/modules",
        "lastModified": 1778783710,
        "narHash": "sha256-342rKZxCs1iFsywlTGY1fmQDBoRcEVcGEU0kL2Iz1uk=",
        "owner": "cachix",
        "repo": "devenv",
        "rev": "0a716bbc0e7a5c8ab115370039ecce1a6ad7cf0c",
        "type": "github"
      },
      "original": {
        "dir": "src/modules",
        "owner": "cachix",
        "repo": "devenv",
        "type": "github"
      }
    },
    "nixpkgs": {
      "locked": {
        "lastModified": 1778672786,
        "narHash": "sha256-Blg88K1jwG+P0Mr27+rKMFCufdrWkV3wWh9AdYtz0FQ=",
        "owner": "nixos",
        "repo": "nixpkgs",
        "rev": "eef00dfd8a712b34af845f9350bac681b1228bd1",
        "type": "github"
      },
      "original": {
        "owner": "nixos",
        "ref": "nixpkgs-unstable",
        "repo": "nixpkgs",
        "type": "github"
      }
    },
    "root": {
      "inputs": {
        "devenv": "devenv",
        "nixpkgs": "nixpkgs",
        "rust-overlay": "rust-overlay"
      }
    },
    "rust-overlay": {
      "inputs": {
        "nixpkgs": [
          "nixpkgs"
        ]
      },
      "locked": {
        "lastModified": 1778728594,
        "narHash": "sha256-+gIOsOzqWNfn+ThCXBQGcLHVEnaGQW59XjghE9JUIYk=",
        "owner": "oxalica",
        "repo": "rust-overlay",
        "rev": "83a17ebffcfacb17b49e1b5e9dc15eed07936648",
        "type": "github"
      },
      "original": {
        "owner": "oxalica",
        "repo": "rust-overlay",
        "type": "github"
      }
    }
  },
  "root": "root",
  "version": 7
}